
Microsoft Visual Studio Solution File, Format Version 12.00
# Visual Studio Version 17
VisualStudioVersion = 17.10.35122.118
MinimumVisualStudioVersion = 10.0.40219.1
Project("{FAE04EC0-301F-11D3-BF4B-00C04F79EFBC}") = "SideBarNavigation", "SideBarNavigation.csproj", "{A72ECF21-ADA2-4706-A05F-23E3AFEEC304}"
EndProject
Global
	GlobalSection(SolutionConfigurationPlatforms) = preSolution
		Debug|Any CPU = Debug|Any CPU
		Release|Any CPU = Release|Any CPU
	EndGlobalSection
	GlobalSection(ProjectConfigurationPlatforms) = postSolution
		{A72ECF21-ADA2-4706-A05F-23E3AFEEC304}.Debug|Any CPU.ActiveCfg = Debug|Any CPU
		{A72ECF21-ADA2-4706-A05F-23E3AFEEC304}.Debug|Any CPU.Build.0 = Debug|Any CPU
		{A72ECF21-ADA2-4706-A05F-23E3AFEEC304}.Release|Any CPU.ActiveCfg = Release|Any CPU
		{A72ECF21-ADA2-4706-A05F-23E3AFEEC304}.Release|Any CPU.Build.0 = Release|Any CPU
	EndGlobalSection
	GlobalSection(SolutionProperties) = preSolution
		HideSolutionNode = FALSE
	EndGlobalSection
	GlobalSection(ExtensibilityGlobals) = postSolution
		SolutionGuid = {05718151-EDFB-4093-89A0-301F9218B54D}
	EndGlobalSection
EndGlobal
